
Microsoft Visual Studio Solution File, Format Version 12.00
# Visual Studio Version 16
VisualStudioVersion = 16.0.30523.141
MinimumVisualStudioVersion = 10.0.40219.1
Project("{FAE04EC0-301F-11D3-BF4B-00C04F79EFBC}") = "Pintea_Ionica_Lab10.Android", "Pintea_Ionica_Lab10.Android\Pintea_Ionica_Lab10.Android.csproj", "{08B82255-EE79-451D-9589-9FA7B214D809}"
EndProject
Project("{FAE04EC0-301F-11D3-BF4B-00C04F79EFBC}") = "Pintea_Ionica_Lab10.iOS", "Pintea_Ionica_Lab10.iOS\Pintea_Ionica_Lab10.iOS.csproj", "{6DEBC241-19E8-464C-B715-8B78AF32A91C}"
EndProject
Project("{FAE04EC0-301F-11D3-BF4B-00C04F79EFBC}") = "Pintea_Ionica_Lab10", "Pintea_Ionica_Lab10\Pintea_Ionica_Lab10.csproj", "{840F4DD9-3D3B-4DBE-B6CE-BCA90DC59DD5}"
EndProject
Global
	GlobalSection(SolutionConfigurationPlatforms) = preSolution
		Debug|Any CPU = Debug|Any CPU
		Debug|iPhone = Debug|iPhone
		Debug|iPhoneSimulator = Debug|iPhoneSimulator
		Release|Any CPU = Release|Any CPU
		Release|iPhone = Release|iPhone
		Release|iPhoneSimulator = Release|iPhoneSimulator
	EndGlobalSection
	GlobalSection(ProjectConfigurationPlatforms) = postSolution
		{08B82255-EE79-451D-9589-9FA7B214D809}.Debug|Any CPU.ActiveCfg = Debug|Any CPU
		{08B82255-EE79-451D-9589-9FA7B214D809}.Debug|Any CPU.Build.0 = Debug|Any CPU
		{08B82255-EE79-451D-9589-9FA7B214D809}.Debug|Any CPU.Deploy.0 = Debug|Any CPU
		{08B82255-EE79-451D-9589-9FA7B214D809}.Debug|iPhone.ActiveCfg = Debug|Any CPU
		{08B82255-EE79-451D-9589-9FA7B214D809}.Debug|iPhone.Build.0 = Debug|Any CPU
		{08B82255-EE79-451D-9589-9FA7B214D809}.Debug|iPhone.Deploy.0 = Debug|Any CPU
		{08B82255-EE79-451D-9589-9FA7B214D809}.Debug|iPhoneSimulator.ActiveCfg = Debug|Any CPU
		{08B82255-EE79-451D-9589-9FA7B214D809}.Debug|iPhoneSimulator.Build.0 = Debug|Any CPU
		{08B82255-EE79-451D-9589-9FA7B214D809}.Debug|iPhoneSimulator.Deploy.0 = Debug|Any CPU
		{08B82255-EE79-451D-9589-9FA7B214D809}.Release|Any CPU.ActiveCfg = Release|Any CPU
		{08B82255-EE79-451D-9589-9FA7B214D809}.Release|Any CPU.Build.0 = Release|Any CPU
		{08B82255-EE79-451D-9589-9FA7B214D809}.Release|Any CPU.Deploy.0 = Release|Any CPU
		{08B82255-EE79-451D-9589-9FA7B214D809}.Release|iPhone.ActiveCfg = Release|Any CPU
		{08B82255-EE79-451D-9589-9FA7B214D809}.Release|iPhone.Build.0 = Release|Any CPU
		{08B82255-EE79-451D-9589-9FA7B214D809}.Release|iPhone.Deploy.0 = Release|Any CPU
		{08B82255-EE79-451D-9589-9FA7B214D809}.Release|iPhoneSimulator.ActiveCfg = Release|Any CPU
		{08B82255-EE79-451D-9589-9FA7B214D809}.Release|iPhoneSimulator.Build.0 = Release|Any CPU
		{08B82255-EE79-451D-9589-9FA7B214D809}.Release|iPhoneSimulator.Deploy.0 = Release|Any CPU
		{6DEBC241-19E8-464C-B715-8B78AF32A91C}.Debug|Any CPU.ActiveCfg = Debug|iPhone
		{6DEBC241-19E8-464C-B715-8B78AF32A91C}.Debug|Any CPU.Build.0 = Debug|iPhone
		{6DEBC241-19E8-464C-B715-8B78AF32A91C}.Debug|Any CPU.Deploy.0 = Debug|iPhone
		{6DEBC241-19E8-464C-B715-8B78AF32A91C}.Debug|iPhone.ActiveCfg = Debug|iPhone
		{6DEBC241-19E8-464C-B715-8B78AF32A91C}.Debug|iPhone.Build.0 = Debug|iPhone
		{6DEBC241-19E8-464C-B715-8B78AF32A91C}.Debug|iPhone.Deploy.0 = Debug|iPhone
		{6DEBC241-19E8-464C-B715-8B78AF32A91C}.Debug|iPhoneSimulator.ActiveCfg = Debug|iPhoneSimulator
		{6DEBC241-19E8-464C-B715-8B78AF32A91C}.Debug|iPhoneSimulator.Build.0 = Debug|iPhoneSimulator
		{6DEBC241-19E8-464C-B715-8B78AF32A91C}.Debug|iPhoneSimulator.Deploy.0 = Debug|iPhoneSimulator
		{6DEBC241-19E8-464C-B715-8B78AF32A91C}.Release|Any CPU.ActiveCfg = Release|iPhoneSimulator
		{6DEBC241-19E8-464C-B715-8B78AF32A91C}.Release|Any CPU.Build.0 = Release|iPhoneSimulator
		{6DEBC241-19E8-464C-B715-8B78AF32A91C}.Release|Any CPU.Deploy.0 = Release|iPhoneSimulator
		{6DEBC241-19E8-464C-B715-8B78AF32A91C}.Release|iPhone.ActiveCfg = Release|iPhone
		{6DEBC241-19E8-464C-B715-8B78AF32A91C}.Release|iPhone.Build.0 = Release|iPhone
		{6DEBC241-19E8-464C-B715-8B78AF32A91C}.Release|iPhone.Deploy.0 = Release|iPhone
		{6DEBC241-19E8-464C-B715-8B78AF32A91C}.Release|iPhoneSimulator.ActiveCfg = Release|iPhoneSimulator
		{6DEBC241-19E8-464C-B715-8B78AF32A91C}.Release|iPhoneSimulator.Build.0 = Release|iPhoneSimulator
		{6DEBC241-19E8-464C-B715-8B78AF32A91C}.Release|iPhoneSimulator.Deploy.0 = Release|iPhoneSimulator
		{840F4DD9-3D3B-4DBE-B6CE-BCA90DC59DD5}.Debug|Any CPU.ActiveCfg = Debug|Any CPU
		{840F4DD9-3D3B-4DBE-B6CE-BCA90DC59DD5}.Debug|Any CPU.Build.0 = Debug|Any CPU
		{840F4DD9-3D3B-4DBE-B6CE-BCA90DC59DD5}.Debug|Any CPU.Deploy.0 = Debug|Any CPU
		{840F4DD9-3D3B-4DBE-B6CE-BCA90DC59DD5}.Debug|iPhone.ActiveCfg = Debug|Any CPU
		{840F4DD9-3D3B-4DBE-B6CE-BCA90DC59DD5}.Debug|iPhone.Build.0 = Debug|Any CPU
		{840F4DD9-3D3B-4DBE-B6CE-BCA90DC59DD5}.Debug|iPhone.Deploy.0 = Debug|Any CPU
		{840F4DD9-3D3B-4DBE-B6CE-BCA90DC59DD5}.Debug|iPhoneSimulator.ActiveCfg = Debug|Any CPU
		{840F4DD9-3D3B-4DBE-B6CE-BCA90DC59DD5}.Debug|iPhoneSimulator.Build.0 = Debug|Any CPU
		{840F4DD9-3D3B-4DBE-B6CE-BCA90DC59DD5}.Debug|iPhoneSimulator.Deploy.0 = Debug|Any CPU
		{840F4DD9-3D3B-4DBE-B6CE-BCA90DC59DD5}.Release|Any CPU.ActiveCfg = Release|Any CPU
		{840F4DD9-3D3B-4DBE-B6CE-BCA90DC59DD5}.Release|Any CPU.Build.0 = Release|Any CPU
		{840F4DD9-3D3B-4DBE-B6CE-BCA90DC59DD5}.Release|Any CPU.Deploy.0 = Release|Any CPU
		{840F4DD9-3D3B-4DBE-B6CE-BCA90DC59DD5}.Release|iPhone.ActiveCfg = Release|Any CPU
		{840F4DD9-3D3B-4DBE-B6CE-BCA90DC59DD5}.Release|iPhone.Build.0 = Release|Any CPU
		{840F4DD9-3D3B-4DBE-B6CE-BCA90DC59DD5}.Release|iPhone.Deploy.0 = Release|Any CPU
		{840F4DD9-3D3B-4DBE-B6CE-BCA90DC59DD5}.Release|iPhoneSimulator.ActiveCfg = Release|Any CPU
		{840F4DD9-3D3B-4DBE-B6CE-BCA90DC59DD5}.Release|iPhoneSimulator.Build.0 = Release|Any CPU
		{840F4DD9-3D3B-4DBE-B6CE-BCA90DC59DD5}.Release|iPhoneSimulator.Deploy.0 = Release|Any CPU
	EndGlobalSection
	GlobalSection(SolutionProperties) = preSolution
		HideSolutionNode = FALSE
	EndGlobalSection
	GlobalSection(ExtensibilityGlobals) = postSolution
		SolutionGuid = {1CA2EF40-664A-403E-B15D-08F8FD00AA14}
	EndGlobalSection
EndGlobal
